
Microsoft Visual Studio Solution File, Format Version 12.00
# Visual Studio 14
VisualStudioVersion = 14.0.22609.0
MinimumVisualStudioVersion = 10.0.40219.1
Project("{FAE04EC0-301F-11D3-BF4B-00C04F79EFBC}") = "Chess", "Chess\Chess.csproj", "{4E7D8799-ED7F-4996-B984-BF87F1993853}"
EndProject
Project("{FAE04EC0-301F-11D3-BF4B-00C04F79EFBC}") = "ChessUnitTests", "ChessUnitTests\ChessUnitTests.csproj", "{09768DB1-749E-413E-9D9F-09523F1EF503}"
EndProject
Global
	GlobalSection(SolutionConfigurationPlatforms) = preSolution
		Debug|Any CPU = Debug|Any CPU
		Release|Any CPU = Release|Any CPU
	EndGlobalSection
	GlobalSection(ProjectConfigurationPlatforms) = postSolution
		{4E7D8799-ED7F-4996-B984-BF87F1993853}.Debug|Any CPU.ActiveCfg = Debug|Any CPU
		{4E7D8799-ED7F-4996-B984-BF87F1993853}.Debug|Any CPU.Build.0 = Debug|Any CPU
		{4E7D8799-ED7F-4996-B984-BF87F1993853}.Release|Any CPU.ActiveCfg = Release|Any CPU
		{4E7D8799-ED7F-4996-B984-BF87F1993853}.Release|Any CPU.Build.0 = Release|Any CPU
		{09768DB1-749E-413E-9D9F-09523F1EF503}.Debug|Any CPU.ActiveCfg = Debug|Any CPU
		{09768DB1-749E-413E-9D9F-09523F1EF503}.Debug|Any CPU.Build.0 = Debug|Any CPU
		{09768DB1-749E-413E-9D9F-09523F1EF503}.Release|Any CPU.ActiveCfg = Release|Any CPU
		{09768DB1-749E-413E-9D9F-09523F1EF503}.Release|Any CPU.Build.0 = Release|Any CPU
	EndGlobalSection
	GlobalSection(SolutionProperties) = preSolution
		HideSolutionNode = FALSE
	EndGlobalSection
EndGlobal
